<?xml version="1.0" encoding="utf-8"?>
<Project ToolsVersion="4.0" xmlns="http://schemas.microsoft.com/developer/msbuild/2003">
  <ItemGroup>
    <Filter Include="oci20">
      <UniqueIdentifier>{1a31ab16-b0ea-4752-ac0d-f819da9347c2}</UniqueIdentifier>
    </Filter>
    <Filter Include="ui">
      <UniqueIdentifier>{4FC737F1-C7A5-4376-A066-2A32D752A2FF}</UniqueIdentifier>
      <Extensions>cpp;c;cc;cxx;def;odl;idl;hpj;bat;asm;asmx</Extensions>
    </Filter>
    <Filter Include="utils">
      <UniqueIdentifier>{591450ca-af3b-4385-b729-de88ec6e2dbd}</UniqueIdentifier>
    </Filter>
    <Filter Include="data">
      <UniqueIdentifier>{9c822052-0dc3-4545-a5c3-7fb75a38dce6}</UniqueIdentifier>
    </Filter>
    <Filter Include="task">
      <UniqueIdentifier>{ee43752f-4275-4630-915f-93cbc42c01ad}</UniqueIdentifier>
    </Filter>
    <Filter Include="meta_dictionary">
      <UniqueIdentifier>{cf54c1ec-3590-47ff-bc1a-88b70a187e26}</UniqueIdentifier>
    </Filter>
  </ItemGroup>
  <ItemGroup>
    <ClCompile Include="src\utils\exception.cpp">
      <Filter>utils</Filter>
    </ClCompile>
    <ClCompile Include="src\utils\property.cpp">
      <Filter>utils</Filter>
    </ClCompile>
    <ClCompile Include="src\utils\settings.cpp">
      <Filter>utils</Filter>
    </ClCompile>
    <ClCompile Include="src\utils\substitutor.cpp">
      <Filter>utils</Filter>
    </ClCompile>
    <ClCompile Include="src\main.cpp" />
    <ClCompile Include="src\oci20\auto_cursor.cpp">
      <Filter>oci20</Filter>
    </ClCompile>
    <ClCompile Include="src\oci20\break_handler.cpp">
      <Filter>oci20</Filter>
    </ClCompile>
    <ClCompile Include="src\oci20\buff_cursor.cpp">
      <Filter>oci20</Filter>
    </ClCompile>
    <ClCompile Include="src\oci20\connect.cpp">
      <Filter>oci20</Filter>
    </ClCompile>
    <ClCompile Include="src\oci20\date_var.cpp">
      <Filter>oci20</Filter>
    </ClCompile>
    <ClCompile Include="src\oci20\dummy_var.cpp">
      <Filter>oci20</Filter>
    </ClCompile>
    <ClCompile Include="src\oci20\error_util.cpp">
      <Filter>oci20</Filter>
    </ClCompile>
    <ClCompile Include="src\oci20\function_codes.cpp">
      <Filter>oci20</Filter>
    </ClCompile>
    <ClCompile Include="src\oci20\host_array.cpp">
      <Filter>oci20</Filter>
    </ClCompile>
    <ClCompile Include="src\oci20\interval_var.cpp">
      <Filter>oci20</Filter>
    </ClCompile>
    <ClCompile Include="src\oci20\lob_var.cpp">
      <Filter>oci20</Filter>
    </ClCompile>
    <ClCompile Include="src\oci20\native_oci_variable.cpp">
      <Filter>oci20</Filter>
    </ClCompile>
    <ClCompile Include="src\oci20\number_var.cpp">
      <Filter>oci20</Filter>
    </ClCompile>
    <ClCompile Include="src\oci20\object.cpp">
      <Filter>oci20</Filter>
    </ClCompile>
    <ClCompile Include="src\oci20\ref_cursor_variable.cpp">
      <Filter>oci20</Filter>
    </ClCompile>
    <ClCompile Include="src\oci20\session.cpp">
      <Filter>oci20</Filter>
    </ClCompile>
    <ClCompile Include="src\oci20\statement.cpp">
      <Filter>oci20</Filter>
    </ClCompile>
    <ClCompile Include="src\oci20\string_var.cpp">
      <Filter>oci20</Filter>
    </ClCompile>
    <ClCompile Include="src\oci20\timestamp_var.cpp">
      <Filter>oci20</Filter>
    </ClCompile>
    <ClCompile Include="src\oci20\variable.cpp">
      <Filter>oci20</Filter>
    </ClCompile>
    <ClCompile Include="src\data\constraint_list_adapter.cpp">
      <Filter>data</Filter>
    </ClCompile>
    <ClCompile Include="src\data\list_manager.cpp">
      <Filter>data</Filter>
    </ClCompile>
    <ClCompile Include="src\data\table_list_adapter.cpp">
      <Filter>data</Filter>
    </ClCompile>
    <ClCompile Include="src\data\view_list_adapter.cpp">
      <Filter>data</Filter>
    </ClCompile>
    <ClCompile Include="src\utils\string_util.cpp">
      <Filter>utils</Filter>
    </ClCompile>
    <ClCompile Include="src\data\user_list_adapter.cpp">
      <Filter>data</Filter>
    </ClCompile>
    <ClCompile Include="src\data\index_list_adapter.cpp">
      <Filter>data</Filter>
    </ClCompile>
    <ClCompile Include="src\data\trigger_list_adapter.cpp">
      <Filter>data</Filter>
    </ClCompile>
    <ClCompile Include="src\data\sequence_list_adapter.cpp">
      <Filter>data</Filter>
    </ClCompile>
    <ClCompile Include="src\data\synonym_list_adapter.cpp">
      <Filter>data</Filter>
    </ClCompile>
    <ClCompile Include="src\data\recycled_bin_list_adapter.cpp">
      <Filter>data</Filter>
    </ClCompile>
    <ClCompile Include="src\data\invalid_object_list_adapter.cpp">
      <Filter>data</Filter>
    </ClCompile>
    <ClCompile Include="src\data\type_list_adapter.cpp">
      <Filter>data</Filter>
    </ClCompile>
    <ClCompile Include="src\data\code_list_adapter.cpp">
      <Filter>data</Filter>
    </ClCompile>
    <ClCompile Include="src\data\cluster_bin_list_adapter.cpp">
      <Filter>data</Filter>
    </ClCompile>
    <ClCompile Include="src\data\grantee_list_adapter.cpp">
      <Filter>data</Filter>
    </ClCompile>
    <ClCompile Include="src\data\dblink_list_adapter.cpp">
      <Filter>data</Filter>
    </ClCompile>
    <ClCompile Include="src\task\manager.cpp">
      <Filter>task</Filter>
    </ClCompile>
    <ClCompile Include="src\task\module.cpp">
      <Filter>task</Filter>
    </ClCompile>
    <ClCompile Include="src\task\scheduler.cpp">
      <Filter>task</Filter>
    </ClCompile>
    <ClCompile Include="src\task\thread_pool.cpp">
      <Filter>task</Filter>
    </ClCompile>
    <ClCompile Include="src\meta_dictionary\meta_stream.cpp">
      <Filter>meta_dictionary</Filter>
    </ClCompile>
    <ClCompile Include="src\meta_dictionary\string_stream.cpp">
      <Filter>meta_dictionary</Filter>
    </ClCompile>
    <ClCompile Include="src\meta_dictionary\text_file_stream.cpp">
      <Filter>meta_dictionary</Filter>
    </ClCompile>
    <ClCompile Include="src\meta_dictionary\grant.cpp">
      <Filter>meta_dictionary</Filter>
    </ClCompile>
    <ClCompile Include="src\meta_dictionary\grant_container.cpp">
      <Filter>meta_dictionary</Filter>
    </ClCompile>
    <ClCompile Include="src\meta_dictionary\storage.cpp">
      <Filter>meta_dictionary</Filter>
    </ClCompile>
    <ClCompile Include="src\meta_dictionary\table_storage.cpp">
      <Filter>meta_dictionary</Filter>
    </ClCompile>
    <ClCompile Include="src\meta_dictionary\column.cpp">
      <Filter>meta_dictionary</Filter>
    </ClCompile>
    <ClCompile Include="src\meta_dictionary\index.cpp">
      <Filter>meta_dictionary</Filter>
    </ClCompile>
    <ClCompile Include="src\meta_dictionary\db_object.cpp">
      <Filter>meta_dictionary</Filter>
    </ClCompile>
    <ClCompile Include="src\meta_dictionary\constraint.cpp">
      <Filter>meta_dictionary</Filter>
    </ClCompile>
    <ClCompile Include="src\meta_dictionary\table_base.cpp">
      <Filter>meta_dictionary</Filter>
    </ClCompile>
    <ClCompile Include="src\meta_dictionary\table.cpp">
      <Filter>meta_dictionary</Filter>
    </ClCompile>
    <ClCompile Include="src\meta_dictionary\sequence.cpp">
      <Filter>meta_dictionary</Filter>
    </ClCompile>
  </ItemGroup>
  <ItemGroup>
    <ClInclude Include="src\utils\exception.h">
      <Filter>utils</Filter>
    </ClInclude>
    <ClInclude Include="src\utils\property.h">
      <Filter>utils</Filter>
    </ClInclude>
    <ClInclude Include="src\utils\settings.h">
      <Filter>utils</Filter>
    </ClInclude>
    <ClInclude Include="src\utils\substitutor.h">
      <Filter>utils</Filter>
    </ClInclude>
    <ClInclude Include="src\utils\system_clock.h">
      <Filter>utils</Filter>
    </ClInclude>
    <ClInclude Include="src\oci20\auto_cursor.h">
      <Filter>oci20</Filter>
    </ClInclude>
    <ClInclude Include="src\oci20\break_handler.h">
      <Filter>oci20</Filter>
    </ClInclude>
    <ClInclude Include="src\oci20\buff_cursor.h">
      <Filter>oci20</Filter>
    </ClInclude>
    <ClInclude Include="src\oci20\connect.h">
      <Filter>oci20</Filter>
    </ClInclude>
    <ClInclude Include="src\oci20\date_var.h">
      <Filter>oci20</Filter>
    </ClInclude>
    <ClInclude Include="src\oci20\dummy_var.h">
      <Filter>oci20</Filter>
    </ClInclude>
    <ClInclude Include="src\oci20\error_util.h">
      <Filter>oci20</Filter>
    </ClInclude>
    <ClInclude Include="src\oci20\function_codes.h">
      <Filter>oci20</Filter>
    </ClInclude>
    <ClInclude Include="src\oci20\host_array.h">
      <Filter>oci20</Filter>
    </ClInclude>
    <ClInclude Include="src\oci20\interval_var.h">
      <Filter>oci20</Filter>
    </ClInclude>
    <ClInclude Include="src\oci20\lob_var.h">
      <Filter>oci20</Filter>
    </ClInclude>
    <ClInclude Include="src\oci20\native_oci_variable.h">
      <Filter>oci20</Filter>
    </ClInclude>
    <ClInclude Include="src\oci20\number_var.h">
      <Filter>oci20</Filter>
    </ClInclude>
    <ClInclude Include="src\oci20\object.h">
      <Filter>oci20</Filter>
    </ClInclude>
    <ClInclude Include="src\oci20\ref_cursor_variable.h">
      <Filter>oci20</Filter>
    </ClInclude>
    <ClInclude Include="src\oci20\session.h">
      <Filter>oci20</Filter>
    </ClInclude>
    <ClInclude Include="src\oci20\statement.h">
      <Filter>oci20</Filter>
    </ClInclude>
    <ClInclude Include="src\oci20\string_var.h">
      <Filter>oci20</Filter>
    </ClInclude>
    <ClInclude Include="src\oci20\timestamp_var.h">
      <Filter>oci20</Filter>
    </ClInclude>
    <ClInclude Include="src\oci20\variable.h">
      <Filter>oci20</Filter>
    </ClInclude>
    <ClInclude Include="src\data\constraint_list_adapter.h">
      <Filter>data</Filter>
    </ClInclude>
    <ClInclude Include="src\data\list_data_provider.h">
      <Filter>data</Filter>
    </ClInclude>
    <ClInclude Include="src\data\list_data_provider_helper.h">
      <Filter>data</Filter>
    </ClInclude>
    <ClInclude Include="src\data\list_manager.h">
      <Filter>data</Filter>
    </ClInclude>
    <ClInclude Include="src\data\table_list_adapter.h">
      <Filter>data</Filter>
    </ClInclude>
    <ClInclude Include="src\data\view_list_adapter.h">
      <Filter>data</Filter>
    </ClInclude>
    <ClInclude Include="src\utils\string_util.h">
      <Filter>utils</Filter>
    </ClInclude>
    <ClInclude Include="src\utils\utils.h">
      <Filter>utils</Filter>
    </ClInclude>
    <ClInclude Include="src\oci20\oci20.h">
      <Filter>oci20</Filter>
    </ClInclude>
    <ClInclude Include="src\data\data.h">
      <Filter>data</Filter>
    </ClInclude>
    <ClInclude Include="src\data\user_list_adapter.h">
      <Filter>data</Filter>
    </ClInclude>
    <ClInclude Include="src\data\index_list_adapter.h">
      <Filter>data</Filter>
    </ClInclude>
    <ClInclude Include="src\data\trigger_list_adapter.h">
      <Filter>data</Filter>
    </ClInclude>
    <ClInclude Include="src\data\sequence_list_adapter.h">
      <Filter>data</Filter>
    </ClInclude>
    <ClInclude Include="src\data\synonym_list_adapter.h">
      <Filter>data</Filter>
    </ClInclude>
    <ClInclude Include="src\data\recycled_bin_list_adapter.h">
      <Filter>data</Filter>
    </ClInclude>
    <ClInclude Include="src\data\invalid_object_list_adapter.h">
      <Filter>data</Filter>
    </ClInclude>
    <ClInclude Include="src\data\type_list_adapter.h">
      <Filter>data</Filter>
    </ClInclude>
    <ClInclude Include="src\data\code_list_adapter.h">
      <Filter>data</Filter>
    </ClInclude>
    <ClInclude Include="src\data\cluster_bin_list_adapter.h">
      <Filter>data</Filter>
    </ClInclude>
    <ClInclude Include="src\data\grantee_list_adapter.h">
      <Filter>data</Filter>
    </ClInclude>
    <ClInclude Include="src\data\dblink_list_adapter.h">
      <Filter>data</Filter>
    </ClInclude>
    <ClInclude Include="src\task\manager.h">
      <Filter>task</Filter>
    </ClInclude>
    <ClInclude Include="src\task\module.h">
      <Filter>task</Filter>
    </ClInclude>
    <ClInclude Include="src\task\priority_queue.h">
      <Filter>task</Filter>
    </ClInclude>
    <ClInclude Include="src\task\scheduler.h">
      <Filter>task</Filter>
    </ClInclude>
    <ClInclude Include="src\task\task.h">
      <Filter>task</Filter>
    </ClInclude>
    <ClInclude Include="src\task\thread_pool.h">
      <Filter>task</Filter>
    </ClInclude>
    <ClInclude Include="src\meta_dictionary\meta_stream.h">
      <Filter>meta_dictionary</Filter>
    </ClInclude>
    <ClInclude Include="src\meta_dictionary\string_stream.h">
      <Filter>meta_dictionary</Filter>
    </ClInclude>
    <ClInclude Include="src\meta_dictionary\text_file_stream.h">
      <Filter>meta_dictionary</Filter>
    </ClInclude>
    <ClInclude Include="src\meta_dictionary\db_object.h">
      <Filter>meta_dictionary</Filter>
    </ClInclude>
    <ClInclude Include="src\meta_dictionary\grant.h">
      <Filter>meta_dictionary</Filter>
    </ClInclude>
    <ClInclude Include="src\meta_dictionary\grant_container.h">
      <Filter>meta_dictionary</Filter>
    </ClInclude>
    <ClInclude Include="src\meta_dictionary\user.h">
      <Filter>meta_dictionary</Filter>
    </ClInclude>
    <ClInclude Include="src\meta_dictionary\storage.h">
      <Filter>meta_dictionary</Filter>
    </ClInclude>
    <ClInclude Include="src\meta_dictionary\meta_dictionary.h">
      <Filter>meta_dictionary</Filter>
    </ClInclude>
    <ClInclude Include="src\meta_dictionary\meta_settings.h">
      <Filter>meta_dictionary</Filter>
    </ClInclude>
    <ClInclude Include="src\utils\variable.h">
      <Filter>utils</Filter>
    </ClInclude>
    <ClInclude Include="src\meta_dictionary\table_storage.h">
      <Filter>meta_dictionary</Filter>
    </ClInclude>
    <ClInclude Include="src\meta_dictionary\table_space.h">
      <Filter>meta_dictionary</Filter>
    </ClInclude>
    <ClInclude Include="src\meta_dictionary\index_storage.h">
      <Filter>meta_dictionary</Filter>
    </ClInclude>
    <ClInclude Include="src\meta_dictionary\partition.h">
      <Filter>meta_dictionary</Filter>
    </ClInclude>
    <ClInclude Include="src\meta_dictionary\column.h">
      <Filter>meta_dictionary</Filter>
    </ClInclude>
    <ClInclude Include="src\meta_dictionary\table_column.h">
      <Filter>meta_dictionary</Filter>
    </ClInclude>
    <ClInclude Include="src\meta_dictionary\index_partition.h">
      <Filter>meta_dictionary</Filter>
    </ClInclude>
    <ClInclude Include="src\meta_dictionary\index.h">
      <Filter>meta_dictionary</Filter>
    </ClInclude>
    <ClInclude Include="src\meta_dictionary\constraint.h">
      <Filter>meta_dictionary</Filter>
    </ClInclude>
    <ClInclude Include="src\meta_dictionary\table_base.h">
      <Filter>meta_dictionary</Filter>
    </ClInclude>
    <ClInclude Include="src\meta_dictionary\table.h">
      <Filter>meta_dictionary</Filter>
    </ClInclude>
    <ClInclude Include="src\meta_dictionary\sequence.h">
      <Filter>meta_dictionary</Filter>
    </ClInclude>
  </ItemGroup>
</Project>